
Microsoft Visual Studio Solution File, Format Version 12.00
# Visual Studio Version 17
VisualStudioVersion = 17.3.32611.2
MinimumVisualStudioVersion = 10.0.40219.1
Project("{FAE04EC0-301F-11D3-BF4B-00C04F79EFBC}") = "task", "task.csproj", "{BB8FCEF2-5FD1-4691-8256-955A44AFD9EB}"
EndProject
Global
	GlobalSection(SolutionConfigurationPlatforms) = preSolution
		Debug|Any CPU = Debug|Any CPU
		Release|Any CPU = Release|Any CPU
	EndGlobalSection
	GlobalSection(ProjectConfigurationPlatforms) = postSolution
		{BB8FCEF2-5FD1-4691-8256-955A44AFD9EB}.Debug|Any CPU.ActiveCfg = Debug|Any CPU
		{BB8FCEF2-5FD1-4691-8256-955A44AFD9EB}.Debug|Any CPU.Build.0 = Debug|Any CPU
		{BB8FCEF2-5FD1-4691-8256-955A44AFD9EB}.Release|Any CPU.ActiveCfg = Release|Any CPU
		{BB8FCEF2-5FD1-4691-8256-955A44AFD9EB}.Release|Any CPU.Build.0 = Release|Any CPU
	EndGlobalSection
	GlobalSection(SolutionProperties) = preSolution
		HideSolutionNode = FALSE
	EndGlobalSection
	GlobalSection(ExtensibilityGlobals) = postSolution
		SolutionGuid = {9C937BDF-6464-4298-8206-41BA28986E6C}
	EndGlobalSection
EndGlobal
